
Microsoft Visual Studio Solution File, Format Version 12.00
# Visual Studio Version 17
Project("{8BC9CEB8-8B4A-11D0-8D11-00A0C91BC942}") = "ALL_BUILD", "ALL_BUILD.vcxproj", "{E3EB41F4-A45C-387F-8E71-72F61FF20692}"
	ProjectSection(ProjectDependencies) = postProject
		{5C95BF90-99C3-3E8D-80A0-90EE794D1DD9} = {5C95BF90-99C3-3E8D-80A0-90EE794D1DD9}
		{12445745-0D82-3D6A-8026-BF7FE9DC3E66} = {12445745-0D82-3D6A-8026-BF7FE9DC3E66}
		{375D6DF1-B2D3-3D91-8102-8784EEBB7466} = {375D6DF1-B2D3-3D91-8102-8784EEBB7466}
		{408B28D0-E620-3212-A650-C940685930CD} = {408B28D0-E620-3212-A650-C940685930CD}
		{C2587A3B-070F-36CC-92F9-3CFC2EBBD25A} = {C2587A3B-070F-36CC-92F9-3CFC2EBBD25A}
		{9A3E72B6-CC8C-3631-827D-77AACA2F6393} = {9A3E72B6-CC8C-3631-827D-77AACA2F6393}
		{60B8B371-3D29-3575-9266-357AB286EED8} = {60B8B371-3D29-3575-9266-357AB286EED8}
		{AC7C5FBB-16EA-33A6-92F0-FA06260E1B46} = {AC7C5FBB-16EA-33A6-92F0-FA06260E1B46}
	EndProjectSection
EndProject
Project("{8BC9CEB8-8B4A-11D0-8D11-00A0C91BC942}") = "INSTALL", "INSTALL.vcxproj", "{D2677C66-DCAD-352F-B389-3C672363076E}"
	ProjectSection(ProjectDependencies) = postProject
		{E3EB41F4-A45C-387F-8E71-72F61FF20692} = {E3EB41F4-A45C-387F-8E71-72F61FF20692}
		{5C95BF90-99C3-3E8D-80A0-90EE794D1DD9} = {5C95BF90-99C3-3E8D-80A0-90EE794D1DD9}
	EndProjectSection
EndProject
Project("{8BC9CEB8-8B4A-11D0-8D11-00A0C91BC942}") = "PACKAGE", "PACKAGE.vcxproj", "{A1C85C3F-B54D-3C2E-A0EE-74A55A32BC76}"
	ProjectSection(ProjectDependencies) = postProject
		{E3EB41F4-A45C-387F-8E71-72F61FF20692} = {E3EB41F4-A45C-387F-8E71-72F61FF20692}
		{5C95BF90-99C3-3E8D-80A0-90EE794D1DD9} = {5C95BF90-99C3-3E8D-80A0-90EE794D1DD9}
	EndProjectSection
EndProject
Project("{8BC9CEB8-8B4A-11D0-8D11-00A0C91BC942}") = "ZERO_CHECK", "ZERO_CHECK.vcxproj", "{5C95BF90-99C3-3E8D-80A0-90EE794D1DD9}"
	ProjectSection(ProjectDependencies) = postProject
	EndProjectSection
EndProject
Project("{8BC9CEB8-8B4A-11D0-8D11-00A0C91BC942}") = "ouster_client", "ouster_sdk_build\ouster_client\ouster_client.vcxproj", "{12445745-0D82-3D6A-8026-BF7FE9DC3E66}"
	ProjectSection(ProjectDependencies) = postProject
		{5C95BF90-99C3-3E8D-80A0-90EE794D1DD9} = {5C95BF90-99C3-3E8D-80A0-90EE794D1DD9}
		{DE86C15F-D13F-3CCE-AAFA-0A09FA5EFD4D} = {DE86C15F-D13F-3CCE-AAFA-0A09FA5EFD4D}
	EndProjectSection
EndProject
Project("{8BC9CEB8-8B4A-11D0-8D11-00A0C91BC942}") = "ouster_generate_header", "ouster_sdk_build\ouster_generate_header.vcxproj", "{DE86C15F-D13F-3CCE-AAFA-0A09FA5EFD4D}"
	ProjectSection(ProjectDependencies) = postProject
		{5C95BF90-99C3-3E8D-80A0-90EE794D1DD9} = {5C95BF90-99C3-3E8D-80A0-90EE794D1DD9}
	EndProjectSection
EndProject
Project("{8BC9CEB8-8B4A-11D0-8D11-00A0C91BC942}") = "ouster_pcap", "ouster_sdk_build\ouster_pcap\ouster_pcap.vcxproj", "{375D6DF1-B2D3-3D91-8102-8784EEBB7466}"
	ProjectSection(ProjectDependencies) = postProject
		{5C95BF90-99C3-3E8D-80A0-90EE794D1DD9} = {5C95BF90-99C3-3E8D-80A0-90EE794D1DD9}
		{12445745-0D82-3D6A-8026-BF7FE9DC3E66} = {12445745-0D82-3D6A-8026-BF7FE9DC3E66}
		{DE86C15F-D13F-3CCE-AAFA-0A09FA5EFD4D} = {DE86C15F-D13F-3CCE-AAFA-0A09FA5EFD4D}
	EndProjectSection
EndProject
Project("{8BC9CEB8-8B4A-11D0-8D11-00A0C91BC942}") = "ouster_sensor", "ouster_sdk_build\ouster_sensor\ouster_sensor.vcxproj", "{408B28D0-E620-3212-A650-C940685930CD}"
	ProjectSection(ProjectDependencies) = postProject
		{5C95BF90-99C3-3E8D-80A0-90EE794D1DD9} = {5C95BF90-99C3-3E8D-80A0-90EE794D1DD9}
		{12445745-0D82-3D6A-8026-BF7FE9DC3E66} = {12445745-0D82-3D6A-8026-BF7FE9DC3E66}
		{DE86C15F-D13F-3CCE-AAFA-0A09FA5EFD4D} = {DE86C15F-D13F-3CCE-AAFA-0A09FA5EFD4D}
	EndProjectSection
EndProject
Project("{8BC9CEB8-8B4A-11D0-8D11-00A0C91BC942}") = "pcap_data_manipulator", "pcap_data_manipulator.vcxproj", "{C2587A3B-070F-36CC-92F9-3CFC2EBBD25A}"
	ProjectSection(ProjectDependencies) = postProject
		{5C95BF90-99C3-3E8D-80A0-90EE794D1DD9} = {5C95BF90-99C3-3E8D-80A0-90EE794D1DD9}
		{12445745-0D82-3D6A-8026-BF7FE9DC3E66} = {12445745-0D82-3D6A-8026-BF7FE9DC3E66}
		{DE86C15F-D13F-3CCE-AAFA-0A09FA5EFD4D} = {DE86C15F-D13F-3CCE-AAFA-0A09FA5EFD4D}
		{375D6DF1-B2D3-3D91-8102-8784EEBB7466} = {375D6DF1-B2D3-3D91-8102-8784EEBB7466}
		{408B28D0-E620-3212-A650-C940685930CD} = {408B28D0-E620-3212-A650-C940685930CD}
	EndProjectSection
EndProject
Project("{8BC9CEB8-8B4A-11D0-8D11-00A0C91BC942}") = "pcap_gui", "pcap_gui.vcxproj", "{9A3E72B6-CC8C-3631-827D-77AACA2F6393}"
	ProjectSection(ProjectDependencies) = postProject
		{5C95BF90-99C3-3E8D-80A0-90EE794D1DD9} = {5C95BF90-99C3-3E8D-80A0-90EE794D1DD9}
		{12445745-0D82-3D6A-8026-BF7FE9DC3E66} = {12445745-0D82-3D6A-8026-BF7FE9DC3E66}
		{DE86C15F-D13F-3CCE-AAFA-0A09FA5EFD4D} = {DE86C15F-D13F-3CCE-AAFA-0A09FA5EFD4D}
		{375D6DF1-B2D3-3D91-8102-8784EEBB7466} = {375D6DF1-B2D3-3D91-8102-8784EEBB7466}
		{408B28D0-E620-3212-A650-C940685930CD} = {408B28D0-E620-3212-A650-C940685930CD}
		{C2587A3B-070F-36CC-92F9-3CFC2EBBD25A} = {C2587A3B-070F-36CC-92F9-3CFC2EBBD25A}
	EndProjectSection
EndProject
Project("{8BC9CEB8-8B4A-11D0-8D11-00A0C91BC942}") = "pcap_manipulation_example", "pcap_manipulation_example.vcxproj", "{60B8B371-3D29-3575-9266-357AB286EED8}"
	ProjectSection(ProjectDependencies) = postProject
		{5C95BF90-99C3-3E8D-80A0-90EE794D1DD9} = {5C95BF90-99C3-3E8D-80A0-90EE794D1DD9}
		{12445745-0D82-3D6A-8026-BF7FE9DC3E66} = {12445745-0D82-3D6A-8026-BF7FE9DC3E66}
		{DE86C15F-D13F-3CCE-AAFA-0A09FA5EFD4D} = {DE86C15F-D13F-3CCE-AAFA-0A09FA5EFD4D}
		{375D6DF1-B2D3-3D91-8102-8784EEBB7466} = {375D6DF1-B2D3-3D91-8102-8784EEBB7466}
		{408B28D0-E620-3212-A650-C940685930CD} = {408B28D0-E620-3212-A650-C940685930CD}
		{C2587A3B-070F-36CC-92F9-3CFC2EBBD25A} = {C2587A3B-070F-36CC-92F9-3CFC2EBBD25A}
	EndProjectSection
EndProject
Project("{8BC9CEB8-8B4A-11D0-8D11-00A0C91BC942}") = "test_all_classes", "test_all_classes.vcxproj", "{AC7C5FBB-16EA-33A6-92F0-FA06260E1B46}"
	ProjectSection(ProjectDependencies) = postProject
		{5C95BF90-99C3-3E8D-80A0-90EE794D1DD9} = {5C95BF90-99C3-3E8D-80A0-90EE794D1DD9}
		{12445745-0D82-3D6A-8026-BF7FE9DC3E66} = {12445745-0D82-3D6A-8026-BF7FE9DC3E66}
		{DE86C15F-D13F-3CCE-AAFA-0A09FA5EFD4D} = {DE86C15F-D13F-3CCE-AAFA-0A09FA5EFD4D}
		{375D6DF1-B2D3-3D91-8102-8784EEBB7466} = {375D6DF1-B2D3-3D91-8102-8784EEBB7466}
		{408B28D0-E620-3212-A650-C940685930CD} = {408B28D0-E620-3212-A650-C940685930CD}
		{C2587A3B-070F-36CC-92F9-3CFC2EBBD25A} = {C2587A3B-070F-36CC-92F9-3CFC2EBBD25A}
	EndProjectSection
EndProject
Global
	GlobalSection(SolutionConfigurationPlatforms) = preSolution
		Debug|x64 = Debug|x64
		Release|x64 = Release|x64
		MinSizeRel|x64 = MinSizeRel|x64
		RelWithDebInfo|x64 = RelWithDebInfo|x64
	EndGlobalSection
	GlobalSection(ProjectConfigurationPlatforms) = postSolution
		{E3EB41F4-A45C-387F-8E71-72F61FF20692}.Debug|x64.ActiveCfg = Debug|x64
		{E3EB41F4-A45C-387F-8E71-72F61FF20692}.Debug|x64.Build.0 = Debug|x64
		{E3EB41F4-A45C-387F-8E71-72F61FF20692}.Release|x64.ActiveCfg = Release|x64
		{E3EB41F4-A45C-387F-8E71-72F61FF20692}.Release|x64.Build.0 = Release|x64
		{E3EB41F4-A45C-387F-8E71-72F61FF20692}.MinSizeRel|x64.ActiveCfg = MinSizeRel|x64
		{E3EB41F4-A45C-387F-8E71-72F61FF20692}.MinSizeRel|x64.Build.0 = MinSizeRel|x64
		{E3EB41F4-A45C-387F-8E71-72F61FF20692}.RelWithDebInfo|x64.ActiveCfg = RelWithDebInfo|x64
		{E3EB41F4-A45C-387F-8E71-72F61FF20692}.RelWithDebInfo|x64.Build.0 = RelWithDebInfo|x64
		{D2677C66-DCAD-352F-B389-3C672363076E}.Debug|x64.ActiveCfg = Debug|x64
		{D2677C66-DCAD-352F-B389-3C672363076E}.Release|x64.ActiveCfg = Release|x64
		{D2677C66-DCAD-352F-B389-3C672363076E}.MinSizeRel|x64.ActiveCfg = MinSizeRel|x64
		{D2677C66-DCAD-352F-B389-3C672363076E}.RelWithDebInfo|x64.ActiveCfg = RelWithDebInfo|x64
		{A1C85C3F-B54D-3C2E-A0EE-74A55A32BC76}.Debug|x64.ActiveCfg = Debug|x64
		{A1C85C3F-B54D-3C2E-A0EE-74A55A32BC76}.Release|x64.ActiveCfg = Release|x64
		{A1C85C3F-B54D-3C2E-A0EE-74A55A32BC76}.MinSizeRel|x64.ActiveCfg = MinSizeRel|x64
		{A1C85C3F-B54D-3C2E-A0EE-74A55A32BC76}.RelWithDebInfo|x64.ActiveCfg = RelWithDebInfo|x64
		{5C95BF90-99C3-3E8D-80A0-90EE794D1DD9}.Debug|x64.ActiveCfg = Debug|x64
		{5C95BF90-99C3-3E8D-80A0-90EE794D1DD9}.Debug|x64.Build.0 = Debug|x64
		{5C95BF90-99C3-3E8D-80A0-90EE794D1DD9}.Release|x64.ActiveCfg = Release|x64
		{5C95BF90-99C3-3E8D-80A0-90EE794D1DD9}.Release|x64.Build.0 = Release|x64
		{5C95BF90-99C3-3E8D-80A0-90EE794D1DD9}.MinSizeRel|x64.ActiveCfg = MinSizeRel|x64
		{5C95BF90-99C3-3E8D-80A0-90EE794D1DD9}.MinSizeRel|x64.Build.0 = MinSizeRel|x64
		{5C95BF90-99C3-3E8D-80A0-90EE794D1DD9}.RelWithDebInfo|x64.ActiveCfg = RelWithDebInfo|x64
		{5C95BF90-99C3-3E8D-80A0-90EE794D1DD9}.RelWithDebInfo|x64.Build.0 = RelWithDebInfo|x64
		{12445745-0D82-3D6A-8026-BF7FE9DC3E66}.Debug|x64.ActiveCfg = Debug|x64
		{12445745-0D82-3D6A-8026-BF7FE9DC3E66}.Debug|x64.Build.0 = Debug|x64
		{12445745-0D82-3D6A-8026-BF7FE9DC3E66}.Release|x64.ActiveCfg = Release|x64
		{12445745-0D82-3D6A-8026-BF7FE9DC3E66}.Release|x64.Build.0 = Release|x64
		{12445745-0D82-3D6A-8026-BF7FE9DC3E66}.MinSizeRel|x64.ActiveCfg = MinSizeRel|x64
		{12445745-0D82-3D6A-8026-BF7FE9DC3E66}.MinSizeRel|x64.Build.0 = MinSizeRel|x64
		{12445745-0D82-3D6A-8026-BF7FE9DC3E66}.RelWithDebInfo|x64.ActiveCfg = RelWithDebInfo|x64
		{12445745-0D82-3D6A-8026-BF7FE9DC3E66}.RelWithDebInfo|x64.Build.0 = RelWithDebInfo|x64
		{DE86C15F-D13F-3CCE-AAFA-0A09FA5EFD4D}.Debug|x64.ActiveCfg = Debug|x64
		{DE86C15F-D13F-3CCE-AAFA-0A09FA5EFD4D}.Debug|x64.Build.0 = Debug|x64
		{DE86C15F-D13F-3CCE-AAFA-0A09FA5EFD4D}.Release|x64.ActiveCfg = Release|x64
		{DE86C15F-D13F-3CCE-AAFA-0A09FA5EFD4D}.Release|x64.Build.0 = Release|x64
		{DE86C15F-D13F-3CCE-AAFA-0A09FA5EFD4D}.MinSizeRel|x64.ActiveCfg = MinSizeRel|x64
		{DE86C15F-D13F-3CCE-AAFA-0A09FA5EFD4D}.MinSizeRel|x64.Build.0 = MinSizeRel|x64
		{DE86C15F-D13F-3CCE-AAFA-0A09FA5EFD4D}.RelWithDebInfo|x64.ActiveCfg = RelWithDebInfo|x64
		{DE86C15F-D13F-3CCE-AAFA-0A09FA5EFD4D}.RelWithDebInfo|x64.Build.0 = RelWithDebInfo|x64
		{375D6DF1-B2D3-3D91-8102-8784EEBB7466}.Debug|x64.ActiveCfg = Debug|x64
		{375D6DF1-B2D3-3D91-8102-8784EEBB7466}.Debug|x64.Build.0 = Debug|x64
		{375D6DF1-B2D3-3D91-8102-8784EEBB7466}.Release|x64.ActiveCfg = Release|x64
		{375D6DF1-B2D3-3D91-8102-8784EEBB7466}.Release|x64.Build.0 = Release|x64
		{375D6DF1-B2D3-3D91-8102-8784EEBB7466}.MinSizeRel|x64.ActiveCfg = MinSizeRel|x64
		{375D6DF1-B2D3-3D91-8102-8784EEBB7466}.MinSizeRel|x64.Build.0 = MinSizeRel|x64
		{375D6DF1-B2D3-3D91-8102-8784EEBB7466}.RelWithDebInfo|x64.ActiveCfg = RelWithDebInfo|x64
		{375D6DF1-B2D3-3D91-8102-8784EEBB7466}.RelWithDebInfo|x64.Build.0 = RelWithDebInfo|x64
		{408B28D0-E620-3212-A650-C940685930CD}.Debug|x64.ActiveCfg = Debug|x64
		{408B28D0-E620-3212-A650-C940685930CD}.Debug|x64.Build.0 = Debug|x64
		{408B28D0-E620-3212-A650-C940685930CD}.Release|x64.ActiveCfg = Release|x64
		{408B28D0-E620-3212-A650-C940685930CD}.Release|x64.Build.0 = Release|x64
		{408B28D0-E620-3212-A650-C940685930CD}.MinSizeRel|x64.ActiveCfg = MinSizeRel|x64
		{408B28D0-E620-3212-A650-C940685930CD}.MinSizeRel|x64.Build.0 = MinSizeRel|x64
		{408B28D0-E620-3212-A650-C940685930CD}.RelWithDebInfo|x64.ActiveCfg = RelWithDebInfo|x64
		{408B28D0-E620-3212-A650-C940685930CD}.RelWithDebInfo|x64.Build.0 = RelWithDebInfo|x64
		{C2587A3B-070F-36CC-92F9-3CFC2EBBD25A}.Debug|x64.ActiveCfg = Debug|x64
		{C2587A3B-070F-36CC-92F9-3CFC2EBBD25A}.Debug|x64.Build.0 = Debug|x64
		{C2587A3B-070F-36CC-92F9-3CFC2EBBD25A}.Release|x64.ActiveCfg = Release|x64
		{C2587A3B-070F-36CC-92F9-3CFC2EBBD25A}.Release|x64.Build.0 = Release|x64
		{C2587A3B-070F-36CC-92F9-3CFC2EBBD25A}.MinSizeRel|x64.ActiveCfg = MinSizeRel|x64
		{C2587A3B-070F-36CC-92F9-3CFC2EBBD25A}.MinSizeRel|x64.Build.0 = MinSizeRel|x64
		{C2587A3B-070F-36CC-92F9-3CFC2EBBD25A}.RelWithDebInfo|x64.ActiveCfg = RelWithDebInfo|x64
		{C2587A3B-070F-36CC-92F9-3CFC2EBBD25A}.RelWithDebInfo|x64.Build.0 = RelWithDebInfo|x64
		{9A3E72B6-CC8C-3631-827D-77AACA2F6393}.Debug|x64.ActiveCfg = Debug|x64
		{9A3E72B6-CC8C-3631-827D-77AACA2F6393}.Debug|x64.Build.0 = Debug|x64
		{9A3E72B6-CC8C-3631-827D-77AACA2F6393}.Release|x64.ActiveCfg = Release|x64
		{9A3E72B6-CC8C-3631-827D-77AACA2F6393}.Release|x64.Build.0 = Release|x64
		{9A3E72B6-CC8C-3631-827D-77AACA2F6393}.MinSizeRel|x64.ActiveCfg = MinSizeRel|x64
		{9A3E72B6-CC8C-3631-827D-77AACA2F6393}.MinSizeRel|x64.Build.0 = MinSizeRel|x64
		{9A3E72B6-CC8C-3631-827D-77AACA2F6393}.RelWithDebInfo|x64.ActiveCfg = RelWithDebInfo|x64
		{9A3E72B6-CC8C-3631-827D-77AACA2F6393}.RelWithDebInfo|x64.Build.0 = RelWithDebInfo|x64
		{60B8B371-3D29-3575-9266-357AB286EED8}.Debug|x64.ActiveCfg = Debug|x64
		{60B8B371-3D29-3575-9266-357AB286EED8}.Debug|x64.Build.0 = Debug|x64
		{60B8B371-3D29-3575-9266-357AB286EED8}.Release|x64.ActiveCfg = Release|x64
		{60B8B371-3D29-3575-9266-357AB286EED8}.Release|x64.Build.0 = Release|x64
		{60B8B371-3D29-3575-9266-357AB286EED8}.MinSizeRel|x64.ActiveCfg = MinSizeRel|x64
		{60B8B371-3D29-3575-9266-357AB286EED8}.MinSizeRel|x64.Build.0 = MinSizeRel|x64
		{60B8B371-3D29-3575-9266-357AB286EED8}.RelWithDebInfo|x64.ActiveCfg = RelWithDebInfo|x64
		{60B8B371-3D29-3575-9266-357AB286EED8}.RelWithDebInfo|x64.Build.0 = RelWithDebInfo|x64
		{AC7C5FBB-16EA-33A6-92F0-FA06260E1B46}.Debug|x64.ActiveCfg = Debug|x64
		{AC7C5FBB-16EA-33A6-92F0-FA06260E1B46}.Debug|x64.Build.0 = Debug|x64
		{AC7C5FBB-16EA-33A6-92F0-FA06260E1B46}.Release|x64.ActiveCfg = Release|x64
		{AC7C5FBB-16EA-33A6-92F0-FA06260E1B46}.Release|x64.Build.0 = Release|x64
		{AC7C5FBB-16EA-33A6-92F0-FA06260E1B46}.MinSizeRel|x64.ActiveCfg = MinSizeRel|x64
		{AC7C5FBB-16EA-33A6-92F0-FA06260E1B46}.MinSizeRel|x64.Build.0 = MinSizeRel|x64
		{AC7C5FBB-16EA-33A6-92F0-FA06260E1B46}.RelWithDebInfo|x64.ActiveCfg = RelWithDebInfo|x64
		{AC7C5FBB-16EA-33A6-92F0-FA06260E1B46}.RelWithDebInfo|x64.Build.0 = RelWithDebInfo|x64
	EndGlobalSection
	GlobalSection(ExtensibilityGlobals) = postSolution
		SolutionGuid = {CF06F744-6555-33B2-8992-798CD4AFE253}
	EndGlobalSection
	GlobalSection(ExtensibilityAddIns) = postSolution
	EndGlobalSection
EndGlobal
