<?xml version="1.0" encoding="utf-8"?>
<Project ToolsVersion="17.0" xmlns="http://schemas.microsoft.com/developer/msbuild/2003">
  <ItemGroup>
    <ClCompile Include="D:\raw2\ouster-pcap-manipulator\build-win\pcap_manipulation_example_autogen\mocs_compilation_Debug.cpp">
      <Filter>Source Files</Filter>
    </ClCompile>
    <ClCompile Include="D:\raw2\ouster-pcap-manipulator\build-win\pcap_manipulation_example_autogen\mocs_compilation_Release.cpp">
      <Filter>Source Files</Filter>
    </ClCompile>
    <ClCompile Include="D:\raw2\ouster-pcap-manipulator\build-win\pcap_manipulation_example_autogen\mocs_compilation_MinSizeRel.cpp">
      <Filter>Source Files</Filter>
    </ClCompile>
    <ClCompile Include="D:\raw2\ouster-pcap-manipulator\build-win\pcap_manipulation_example_autogen\mocs_compilation_RelWithDebInfo.cpp">
      <Filter>Source Files</Filter>
    </ClCompile>
  </ItemGroup>
  <ItemGroup>
    <CustomBuild Include="D:\raw2\ouster-pcap-manipulator\CMakeLists.txt" />
  </ItemGroup>
  <ItemGroup>
    <Filter Include="Source Files">
      <UniqueIdentifier>{379528C9-A6A1-3D8D-8010-C0547EE3AF15}</UniqueIdentifier>
    </Filter>
  </ItemGroup>
</Project>
